{
  "version": 4,
  "terraform_version": "1.9.3",
  "serial": 18,
  "lineage": "9a2ebb60-0a2a-461e-3a9d-e1b90a22f2db",
  "outputs": {},
  "resources": [
    {
      "mode": "managed",
      "type": "local_file",
      "name": "Dockerfile",
      "provider": "provider[\"registry.terraform.io/hashicorp/local\"]",
      "instances": [
        {
          "schema_version": 0,
          "attributes": {
            "content": "        FROM nginx:latest\r\n",
            "content_base64": null,
            "content_base64sha256": "V1u2u3H2rvvA9IzYV7JbdOCVix2hYjD8us5YxZVcSog=",
            "content_base64sha512": "H+B5+tgIrYZfe90B5mEsmH5dYcf/e1qriCcL6Mp8Bx24Utv56bVfCobFH2ChljSDf4hjkMlzXp+jvtzW0KB62w==",
            "content_md5": "43421f1f2d38c95eb833b2d287811f34",
            "content_sha1": "72713dd5680f0283422f13568598c76e066baeaa",
            "content_sha256": "575bb6bb71f6aefbc0f48cd857b25b74e0958b1da16230fcbace58c5955c4a88",
            "content_sha512": "1fe079fad808ad865f7bdd01e6612c987e5d61c7ff7b5aab88270be8ca7c071db852dbf9e9b55f0a86c51f60a19634837f886390c9735e9fa3bedcd6d0a07adb",
            "directory_permission": "0777",
            "file_permission": "0777",
            "filename": "./module/docker_image/Docker/Dockerfile",
            "id": "72713dd5680f0283422f13568598c76e066baeaa",
            "sensitive_content": null,
            "source": null
          },
          "sensitive_attributes": [
            [
              {
                "type": "get_attr",
                "value": "sensitive_content"
              }
            ]
          ]
        }
      ]
    },
    {
      "module": "module.docker_container",
      "mode": "managed",
      "type": "docker_container",
      "name": "nginx",
      "provider": "provider[\"registry.terraform.io/kreuzwerker/docker\"]",
      "instances": [
        {
          "schema_version": 2,
          "attributes": {
            "attach": false,
            "bridge": "",
            "capabilities": [],
            "cgroupns_mode": null,
            "command": [
              "nginx",
              "-g",
              "daemon off;"
            ],
            "container_logs": null,
            "container_read_refresh_timeout_milliseconds": 15000,
            "cpu_set": "",
            "cpu_shares": 0,
            "destroy_grace_seconds": null,
            "devices": [],
            "dns": null,
            "dns_opts": null,
            "dns_search": null,
            "domainname": "",
            "entrypoint": [
              "/docker-entrypoint.sh"
            ],
            "env": [],
            "exit_code": null,
            "gpus": null,
            "group_add": null,
            "healthcheck": null,
            "host": [],
            "hostname": "e709e3c46c61",
            "id": "e709e3c46c61af0d1b12a6a79750e0b8124aa9eed9b35a457b54eb1d7b71ab2c",
            "image": "sha256:1ee494ebb83f2db5eebcc6cc1698c5091ad2e3f3341d44778bccfed3f8a28a43",
            "init": false,
            "ipc_mode": "private",
            "labels": [],
            "log_driver": "json-file",
            "log_opts": null,
            "logs": false,
            "max_retry_count": 0,
            "memory": 0,
            "memory_swap": 0,
            "mounts": [],
            "must_run": true,
            "name": "nginx",
            "network_data": [
              {
                "gateway": "172.17.0.1",
                "global_ipv6_address": "",
                "global_ipv6_prefix_length": 0,
                "ip_address": "172.17.0.2",
                "ip_prefix_length": 16,
                "ipv6_gateway": "",
                "mac_address": "02:42:ac:11:00:02",
                "network_name": "bridge"
              }
            ],
            "network_mode": "bridge",
            "networks_advanced": [],
            "pid_mode": "",
            "ports": [
              {
                "external": 8080,
                "internal": 80,
                "ip": "0.0.0.0",
                "protocol": "tcp"
              }
            ],
            "privileged": false,
            "publish_all_ports": false,
            "read_only": false,
            "remove_volumes": true,
            "restart": "no",
            "rm": false,
            "runtime": "runc",
            "security_opts": [],
            "shm_size": 64,
            "start": true,
            "stdin_open": false,
            "stop_signal": "SIGQUIT",
            "stop_timeout": 0,
            "storage_opts": null,
            "sysctls": null,
            "tmpfs": null,
            "tty": false,
            "ulimit": [],
            "upload": [],
            "user": "",
            "userns_mode": "",
            "volumes": [],
            "wait": false,
            "wait_timeout": 60,
            "working_dir": "/"
          },
          "sensitive_attributes": [],
          "private": "eyJzY2hlbWFfdmVyc2lvbiI6IjIifQ==",
          "dependencies": [
            "module.docker_container.docker_image.nginx"
          ]
        }
      ]
    },
    {
      "module": "module.docker_container",
      "mode": "managed",
      "type": "docker_image",
      "name": "nginx",
      "provider": "provider[\"registry.terraform.io/kreuzwerker/docker\"]",
      "instances": [
        {
          "schema_version": 0,
          "attributes": {
            "build": [
              {
                "auth_config": [],
                "build_arg": null,
                "build_args": null,
                "build_id": "",
                "cache_from": [],
                "cgroup_parent": "",
                "context": "module/docker_image/Docker/",
                "cpu_period": null,
                "cpu_quota": null,
                "cpu_set_cpus": "",
                "cpu_set_mems": "",
                "cpu_shares": null,
                "dockerfile": "Dockerfile",
                "extra_hosts": [],
                "force_remove": null,
                "isolation": "",
                "label": null,
                "labels": null,
                "memory": null,
                "memory_swap": null,
                "network_mode": "",
                "no_cache": null,
                "platform": "",
                "pull_parent": null,
                "remote_context": "",
                "remove": true,
                "security_opt": [],
                "session_id": "",
                "shm_size": null,
                "squash": null,
                "suppress_output": null,
                "tag": [],
                "target": "",
                "ulimit": [],
                "version": ""
              }
            ],
            "force_remove": null,
            "id": "sha256:1ee494ebb83f2db5eebcc6cc1698c5091ad2e3f3341d44778bccfed3f8a28a43nginx",
            "image_id": "sha256:1ee494ebb83f2db5eebcc6cc1698c5091ad2e3f3341d44778bccfed3f8a28a43",
            "keep_locally": null,
            "name": "nginx",
            "platform": null,
            "pull_triggers": null,
            "repo_digest": "",
            "triggers": null
          },
          "sensitive_attributes": [],
          "private": "bnVsbA=="
        }
      ]
    }
  ],
  "check_results": null
}
